// !$*UTF8*$!
{
	archiveVersion = 1;
	classes = {
	};
	objectVersion = 51;
	objects = {

/* Begin PBXBuildFile section */
		06764D9A71BF8E62FC6F072C /* Pods_refresherTests.framework in Frameworks */ = {isa = PBXBuildFile; fileRef = 793223EDDD93C0F1D6E49254 /* Pods_refresherTests.framework */; };
		5A596ACC238B81AA0037F17C /* CustomSpinnerRefreshControl.swift in Sources */ = {isa = PBXBuildFile; fileRef = 5A596ACB238B81AA0037F17C /* CustomSpinnerRefreshControl.swift */; };
		5AD6BD83238B3B9600F1A109 /* AppDelegate.swift in Sources */ = {isa = PBXBuildFile; fileRef = 5AD6BD82238B3B9600F1A109 /* AppDelegate.swift */; };
		5AD6BD87238B3B9600F1A109 /* ViewController.swift in Sources */ = {isa = PBXBuildFile; fileRef = 5AD6BD86238B3B9600F1A109 /* ViewController.swift */; };
		5AD6BD8C238B3B9600F1A109 /* Assets.xcassets in Resources */ = {isa = PBXBuildFile; fileRef = 5AD6BD8B238B3B9600F1A109 /* Assets.xcassets */; };
		5AD6BD8F238B3B9600F1A109 /* LaunchScreen.storyboard in Resources */ = {isa = PBXBuildFile; fileRef = 5AD6BD8D238B3B9600F1A109 /* LaunchScreen.storyboard */; };
		5AD6BD9A238B3B9600F1A109 /* refresherTests.swift in Sources */ = {isa = PBXBuildFile; fileRef = 5AD6BD99238B3B9600F1A109 /* refresherTests.swift */; };
		E6EFABC1B65E1E8C01230CE0 /* Pods_refresher.framework in Frameworks */ = {isa = PBXBuildFile; fileRef = 4461CF7C8A4AAC911F997878 /* Pods_refresher.framework */; };
/* End PBXBuildFile section */

/* Begin PBXContainerItemProxy section */
		5AD6BD96238B3B9600F1A109 /* PBXContainerItemProxy */ = {
			isa = PBXContainerItemProxy;
			containerPortal = 5AD6BD77238B3B9600F1A109 /* Project object */;
			proxyType = 1;
			remoteGlobalIDString = 5AD6BD7E238B3B9600F1A109;
			remoteInfo = refresher;
		};
/* End PBXContainerItemProxy section */

/* Begin PBXFileReference section */
		4461CF7C8A4AAC911F997878 /* Pods_refresher.framework */ = {isa = PBXFileReference; explicitFileType = wrapper.framework; includeInIndex = 0; path = Pods_refresher.framework; sourceTree = BUILT_PRODUCTS_DIR; };
		468E301B6A96AA61CB36BF17 /* Pods-refresher.release.xcconfig */ = {isa = PBXFileReference; includeInIndex = 1; lastKnownFileType = text.xcconfig; name = "Pods-refresher.release.xcconfig"; path = "Target Support Files/Pods-refresher/Pods-refresher.release.xcconfig"; sourceTree = "<group>"; };
		55A43F4738A994392ABF51D2 /* Pods-refresher.debug.xcconfig */ = {isa = PBXFileReference; includeInIndex = 1; lastKnownFileType = text.xcconfig; name = "Pods-refresher.debug.xcconfig"; path = "Target Support Files/Pods-refresher/Pods-refresher.debug.xcconfig"; sourceTree = "<group>"; };
		5A596ACB238B81AA0037F17C /* CustomSpinnerRefreshControl.swift */ = {isa = PBXFileReference; lastKnownFileType = sourcecode.swift; path = CustomSpinnerRefreshControl.swift; sourceTree = "<group>"; };
		5AD6BD7F238B3B9600F1A109 /* refresher.app */ = {isa = PBXFileReference; explicitFileType = wrapper.application; includeInIndex = 0; path = refresher.app; sourceTree = BUILT_PRODUCTS_DIR; };
		5AD6BD82238B3B9600F1A109 /* AppDelegate.swift */ = {isa = PBXFileReference; lastKnownFileType = sourcecode.swift; path = AppDelegate.swift; sourceTree = "<group>"; };
		5AD6BD86238B3B9600F1A109 /* ViewController.swift */ = {isa = PBXFileReference; lastKnownFileType = sourcecode.swift; path = ViewController.swift; sourceTree = "<group>"; };
		5AD6BD8B238B3B9600F1A109 /* Assets.xcassets */ = {isa = PBXFileReference; lastKnownFileType = folder.assetcatalog; path = Assets.xcassets; sourceTree = "<group>"; };
		5AD6BD8E238B3B9600F1A109 /* Base */ = {isa = PBXFileReference; lastKnownFileType = file.storyboard; name = Base; path = Base.lproj/LaunchScreen.storyboard; sourceTree = "<group>"; };
		5AD6BD90238B3B9600F1A109 /* Info.plist */ = {isa = PBXFileReference; lastKnownFileType = text.plist.xml; path = Info.plist; sourceTree = "<group>"; };
		5AD6BD95238B3B9600F1A109 /* refresherTests.xctest */ = {isa = PBXFileReference; explicitFileType = wrapper.cfbundle; includeInIndex = 0; path = refresherTests.xctest; sourceTree = BUILT_PRODUCTS_DIR; };
		5AD6BD99238B3B9600F1A109 /* refresherTests.swift */ = {isa = PBXFileReference; lastKnownFileType = sourcecode.swift; path = refresherTests.swift; sourceTree = "<group>"; };
		5AD6BD9B238B3B9600F1A109 /* Info.plist */ = {isa = PBXFileReference; lastKnownFileType = text.plist.xml; path = Info.plist; sourceTree = "<group>"; };
		793223EDDD93C0F1D6E49254 /* Pods_refresherTests.framework */ = {isa = PBXFileReference; explicitFileType = wrapper.framework; includeInIndex = 0; path = Pods_refresherTests.framework; sourceTree = BUILT_PRODUCTS_DIR; };
		D8638A751347F666472CA5C1 /* Pods-refresherTests.release.xcconfig */ = {isa = PBXFileReference; includeInIndex = 1; lastKnownFileType = text.xcconfig; name = "Pods-refresherTests.release.xcconfig"; path = "Target Support Files/Pods-refresherTests/Pods-refresherTests.release.xcconfig"; sourceTree = "<group>"; };
		EA7F6AAD863632CD7428CA55 /* Pods-refresherTests.debug.xcconfig */ = {isa = PBXFileReference; includeInIndex = 1; lastKnownFileType = text.xcconfig; name = "Pods-refresherTests.debug.xcconfig"; path = "Target Support Files/Pods-refresherTests/Pods-refresherTests.debug.xcconfig"; sourceTree = "<group>"; };
/* End PBXFileReference section */

/* Begin PBXFrameworksBuildPhase section */
		5AD6BD7C238B3B9600F1A109 /* Frameworks */ = {
			isa = PBXFrameworksBuildPhase;
			buildActionMask = 2147483647;
			files = (
				E6EFABC1B65E1E8C01230CE0 /* Pods_refresher.framework in Frameworks */,
			);
			runOnlyForDeploymentPostprocessing = 0;
		};
		5AD6BD92238B3B9600F1A109 /* Frameworks */ = {
			isa = PBXFrameworksBuildPhase;
			buildActionMask = 2147483647;
			files = (
				06764D9A71BF8E62FC6F072C /* Pods_refresherTests.framework in Frameworks */,
			);
			runOnlyForDeploymentPostprocessing = 0;
		};
/* End PBXFrameworksBuildPhase section */

/* Begin PBXGroup section */
		5AD6BD76238B3B9600F1A109 = {
			isa = PBXGroup;
			children = (
				5AD6BD81238B3B9600F1A109 /* refresher */,
				5AD6BD98238B3B9600F1A109 /* refresherTests */,
				5AD6BD80238B3B9600F1A109 /* Products */,
				B22A597435D0606287610FDD /* Pods */,
				B34C75FA7D50E7E9C9778B39 /* Frameworks */,
			);
			sourceTree = "<group>";
		};
		5AD6BD80238B3B9600F1A109 /* Products */ = {
			isa = PBXGroup;
			children = (
				5AD6BD7F238B3B9600F1A109 /* refresher.app */,
				5AD6BD95238B3B9600F1A109 /* refresherTests.xctest */,
			);
			name = Products;
			sourceTree = "<group>";
		};
		5AD6BD81238B3B9600F1A109 /* refresher */ = {
			isa = PBXGroup;
			children = (
				5AD6BD82238B3B9600F1A109 /* AppDelegate.swift */,
				5A596ACB238B81AA0037F17C /* CustomSpinnerRefreshControl.swift */,
				5AD6BD86238B3B9600F1A109 /* ViewController.swift */,
				5AD6BD8B238B3B9600F1A109 /* Assets.xcassets */,
				5AD6BD8D238B3B9600F1A109 /* LaunchScreen.storyboard */,
				5AD6BD90238B3B9600F1A109 /* Info.plist */,
			);
			path = refresher;
			sourceTree = "<group>";
		};
		5AD6BD98238B3B9600F1A109 /* refresherTests */ = {
			isa = PBXGroup;
			children = (
				5AD6BD99238B3B9600F1A109 /* refresherTests.swift */,
				5AD6BD9B238B3B9600F1A109 /* Info.plist */,
			);
			path = refresherTests;
			sourceTree = "<group>";
		};
		B22A597435D0606287610FDD /* Pods */ = {
			isa = PBXGroup;
			children = (
				55A43F4738A994392ABF51D2 /* Pods-refresher.debug.xcconfig */,
				468E301B6A96AA61CB36BF17 /* Pods-refresher.release.xcconfig */,
				EA7F6AAD863632CD7428CA55 /* Pods-refresherTests.debug.xcconfig */,
				D8638A751347F666472CA5C1 /* Pods-refresherTests.release.xcconfig */,
			);
			path = Pods;
			sourceTree = "<group>";
		};
		B34C75FA7D50E7E9C9778B39 /* Frameworks */ = {
			isa = PBXGroup;
			children = (
				4461CF7C8A4AAC911F997878 /* Pods_refresher.framework */,
				793223EDDD93C0F1D6E49254 /* Pods_refresherTests.framework */,
			);
			name = Frameworks;
			sourceTree = "<group>";
		};
/* End PBXGroup section */

/* Begin PBXNativeTarget section */
		5AD6BD7E238B3B9600F1A109 /* refresher */ = {
			isa = PBXNativeTarget;
			buildConfigurationList = 5AD6BD9E238B3B9700F1A109 /* Build configuration list for PBXNativeTarget "refresher" */;
			buildPhases = (
				46E321F4748DE7292D61F5F1 /* [CP] Check Pods Manifest.lock */,
				5AD6BD7B238B3B9600F1A109 /* Sources */,
				5AD6BD7C238B3B9600F1A109 /* Frameworks */,
				5AD6BD7D238B3B9600F1A109 /* Resources */,
				65BC35AC446A99CD104D8DE0 /* [CP] Embed Pods Frameworks */,
			);
			buildRules = (
			);
			dependencies = (
			);
			name = refresher;
			productName = refresher;
			productReference = 5AD6BD7F238B3B9600F1A109 /* refresher.app */;
			productType = "com.apple.product-type.application";
		};
		5AD6BD94238B3B9600F1A109 /* refresherTests */ = {
			isa = PBXNativeTarget;
			buildConfigurationList = 5AD6BDA1238B3B9700F1A109 /* Build configuration list for PBXNativeTarget "refresherTests" */;
			buildPhases = (
				464248F3D5DC7E37D3497F3C /* [CP] Check Pods Manifest.lock */,
				5AD6BD91238B3B9600F1A109 /* Sources */,
				5AD6BD92238B3B9600F1A109 /* Frameworks */,
				5AD6BD93238B3B9600F1A109 /* Resources */,
			);
			buildRules = (
			);
			dependencies = (
				5AD6BD97238B3B9600F1A109 /* PBXTargetDependency */,
			);
			name = refresherTests;
			productName = refresherTests;
			productReference = 5AD6BD95238B3B9600F1A109 /* refresherTests.xctest */;
			productType = "com.apple.product-type.bundle.unit-test";
		};
/* End PBXNativeTarget section */

/* Begin PBXProject section */
		5AD6BD77238B3B9600F1A109 /* Project object */ = {
			isa = PBXProject;
			attributes = {
				LastSwiftUpdateCheck = 1120;
				LastUpgradeCheck = 1120;
				ORGANIZATIONNAME = Lorin;
				TargetAttributes = {
					5AD6BD7E238B3B9600F1A109 = {
						CreatedOnToolsVersion = 11.2.1;
					};
					5AD6BD94238B3B9600F1A109 = {
						CreatedOnToolsVersion = 11.2.1;
						TestTargetID = 5AD6BD7E238B3B9600F1A109;
					};
				};
			};
			buildConfigurationList = 5AD6BD7A238B3B9600F1A109 /* Build configuration list for PBXProject "refresher" */;
			compatibilityVersion = "Xcode 9.3";
			developmentRegion = en;
			hasScannedForEncodings = 0;
			knownRegions = (
				en,
				Base,
			);
			mainGroup = 5AD6BD76238B3B9600F1A109;
			productRefGroup = 5AD6BD80238B3B9600F1A109 /* Products */;
			projectDirPath = "";
			projectRoot = "";
			targets = (
				5AD6BD7E238B3B9600F1A109 /* refresher */,
				5AD6BD94238B3B9600F1A109 /* refresherTests */,
			);
		};
/* End PBXProject section */

/* Begin PBXResourcesBuildPhase section */
		5AD6BD7D238B3B9600F1A109 /* Resources */ = {
			isa = PBXResourcesBuildPhase;
			buildActionMask = 2147483647;
			files = (
				5AD6BD8F238B3B9600F1A109 /* LaunchScreen.storyboard in Resources */,
				5AD6BD8C238B3B9600F1A109 /* Assets.xcassets in Resources */,
			);
			runOnlyForDeploymentPostprocessing = 0;
		};
		5AD6BD93238B3B9600F1A109 /* Resources */ = {
			isa = PBXResourcesBuildPhase;
			buildActionMask = 2147483647;
			files = (
			);
			runOnlyForDeploymentPostprocessing = 0;
		};
/* End PBXResourcesBuildPhase section */

/* Begin PBXShellScriptBuildPhase section */
		464248F3D5DC7E37D3497F3C /* [CP] Check Pods Manifest.lock */ = {
			isa = PBXShellScriptBuildPhase;
			buildActionMask = 2147483647;
			files = (
			);
			inputFileListPaths = (
			);
			inputPaths = (
				"${PODS_PODFILE_DIR_PATH}/Podfile.lock",
				"${PODS_ROOT}/Manifest.lock",
			);
			name = "[CP] Check Pods Manifest.lock";
			outputFileListPaths = (
			);
			outputPaths = (
				"$(DERIVED_FILE_DIR)/Pods-refresherTests-checkManifestLockResult.txt",
			);
			runOnlyForDeploymentPostprocessing = 0;
			shellPath = /bin/sh;
			shellScript = "diff \"${PODS_PODFILE_DIR_PATH}/Podfile.lock\" \"${PODS_ROOT}/Manifest.lock\" > /dev/null\nif [ $? != 0 ] ; then\n    # print error to STDERR\n    echo \"error: The sandbox is not in sync with the Podfile.lock. Run 'pod install' or update your CocoaPods installation.\" >&2\n    exit 1\nfi\n# This output is used by Xcode 'outputs' to avoid re-running this script phase.\necho \"SUCCESS\" > \"${SCRIPT_OUTPUT_FILE_0}\"\n";
			showEnvVarsInLog = 0;
		};
		46E321F4748DE7292D61F5F1 /* [CP] Check Pods Manifest.lock */ = {
			isa = PBXShellScriptBuildPhase;
			buildActionMask = 2147483647;
			files = (
			);
			inputFileListPaths = (
			);
			inputPaths = (
				"${PODS_PODFILE_DIR_PATH}/Podfile.lock",
				"${PODS_ROOT}/Manifest.lock",
			);
			name = "[CP] Check Pods Manifest.lock";
			outputFileListPaths = (
			);
			outputPaths = (
				"$(DERIVED_FILE_DIR)/Pods-refresher-checkManifestLockResult.txt",
			);
			runOnlyForDeploymentPostprocessing = 0;
			shellPath = /bin/sh;
			shellScript = "diff \"${PODS_PODFILE_DIR_PATH}/Podfile.lock\" \"${PODS_ROOT}/Manifest.lock\" > /dev/null\nif [ $? != 0 ] ; then\n    # print error to STDERR\n    echo \"error: The sandbox is not in sync with the Podfile.lock. Run 'pod install' or update your CocoaPods installation.\" >&2\n    exit 1\nfi\n# This output is used by Xcode 'outputs' to avoid re-running this script phase.\necho \"SUCCESS\" > \"${SCRIPT_OUTPUT_FILE_0}\"\n";
			showEnvVarsInLog = 0;
		};
		65BC35AC446A99CD104D8DE0 /* [CP] Embed Pods Frameworks */ = {
			isa = PBXShellScriptBuildPhase;
			buildActionMask = 2147483647;
			files = (
			);
			inputFileListPaths = (
				"${PODS_ROOT}/Target Support Files/Pods-refresher/Pods-refresher-frameworks-${CONFIGURATION}-input-files.xcfilelist",
			);
			name = "[CP] Embed Pods Frameworks";
			outputFileListPaths = (
				"${PODS_ROOT}/Target Support Files/Pods-refresher/Pods-refresher-frameworks-${CONFIGURATION}-output-files.xcfilelist",
			);
			runOnlyForDeploymentPostprocessing = 0;
			shellPath = /bin/sh;
			shellScript = "\"${PODS_ROOT}/Target Support Files/Pods-refresher/Pods-refresher-frameworks.sh\"\n";
			showEnvVarsInLog = 0;
		};
/* End PBXShellScriptBuildPhase section */

/* Begin PBXSourcesBuildPhase section */
		5AD6BD7B238B3B9600F1A109 /* Sources */ = {
			isa = PBXSourcesBuildPhase;
			buildActionMask = 2147483647;
			files = (
				5AD6BD87238B3B9600F1A109 /* ViewController.swift in Sources */,
				5AD6BD83238B3B9600F1A109 /* AppDelegate.swift in Sources */,
				5A596ACC238B81AA0037F17C /* CustomSpinnerRefreshControl.swift in Sources */,
			);
			runOnlyForDeploymentPostprocessing = 0;
		};
		5AD6BD91238B3B9600F1A109 /* Sources */ = {
			isa = PBXSourcesBuildPhase;
			buildActionMask = 2147483647;
			files = (
				5AD6BD9A238B3B9600F1A109 /* refresherTests.swift in Sources */,
			);
			runOnlyForDeploymentPostprocessing = 0;
		};
/* End PBXSourcesBuildPhase section */

/* Begin PBXTargetDependency section */
		5AD6BD97238B3B9600F1A109 /* PBXTargetDependency */ = {
			isa = PBXTargetDependency;
			target = 5AD6BD7E238B3B9600F1A109 /* refresher */;
			targetProxy = 5AD6BD96238B3B9600F1A109 /* PBXContainerItemProxy */;
		};
/* End PBXTargetDependency section */

/* Begin PBXVariantGroup section */
		5AD6BD8D238B3B9600F1A109 /* LaunchScreen.storyboard */ = {
			isa = PBXVariantGroup;
			children = (
				5AD6BD8E238B3B9600F1A109 /* Base */,
			);
			name = LaunchScreen.storyboard;
			sourceTree = "<group>";
		};
/* End PBXVariantGroup section */

/* Begin XCBuildConfiguration section */
		5AD6BD9C238B3B9700F1A109 /* Debug */ = {
			isa = XCBuildConfiguration;
			buildSettings = {
				ALWAYS_SEARCH_USER_PATHS = NO;
				CLANG_ANALYZER_NONNULL = YES;
				CLANG_ANALYZER_NUMBER_OBJECT_CONVERSION = YES_AGGRESSIVE;
				CLANG_CXX_LANGUAGE_STANDARD = "gnu++14";
				CLANG_CXX_LIBRARY = "libc++";
				CLANG_ENABLE_MODULES = YES;
				CLANG_ENABLE_OBJC_ARC = YES;
				CLANG_ENABLE_OBJC_WEAK = YES;
				CLANG_WARN_BLOCK_CAPTURE_AUTORELEASING = YES;
				CLANG_WARN_BOOL_CONVERSION = YES;
				CLANG_WARN_COMMA = YES;
				CLANG_WARN_CONSTANT_CONVERSION = YES;
				CLANG_WARN_DEPRECATED_OBJC_IMPLEMENTATIONS = YES;
				CLANG_WARN_DIRECT_OBJC_ISA_USAGE = YES_ERROR;
				CLANG_WARN_DOCUMENTATION_COMMENTS = YES;
				CLANG_WARN_EMPTY_BODY = YES;
				CLANG_WARN_ENUM_CONVERSION = YES;
				CLANG_WARN_INFINITE_RECURSION = YES;
				CLANG_WARN_INT_CONVERSION = YES;
				CLANG_WARN_NON_LITERAL_NULL_CONVERSION = YES;
				CLANG_WARN_OBJC_IMPLICIT_RETAIN_SELF = YES;
				CLANG_WARN_OBJC_LITERAL_CONVERSION = YES;
				CLANG_WARN_OBJC_ROOT_CLASS = YES_ERROR;
				CLANG_WARN_RANGE_LOOP_ANALYSIS = YES;
				CLANG_WARN_STRICT_PROTOTYPES = YES;
				CLANG_WARN_SUSPICIOUS_MOVE = YES;
				CLANG_WARN_UNGUARDED_AVAILABILITY = YES_AGGRESSIVE;
				CLANG_WARN_UNREACHABLE_CODE = YES;
				CLANG_WARN__DUPLICATE_METHOD_MATCH = YES;
				COPY_PHASE_STRIP = NO;
				DEBUG_INFORMATION_FORMAT = dwarf;
				ENABLE_STRICT_OBJC_MSGSEND = YES;
				ENABLE_TESTABILITY = YES;
				GCC_C_LANGUAGE_STANDARD = gnu11;
				GCC_DYNAMIC_NO_PIC = NO;
				GCC_NO_COMMON_BLOCKS = YES;
				GCC_OPTIMIZATION_LEVEL = 0;
				GCC_PREPROCESSOR_DEFINITIONS = (
					"DEBUG=1",
					"$(inherited)",
				);
				GCC_WARN_64_TO_32_BIT_CONVERSION = YES;
				GCC_WARN_ABOUT_RETURN_TYPE = YES_ERROR;
				GCC_WARN_UNDECLARED_SELECTOR = YES;
				GCC_WARN_UNINITIALIZED_AUTOS = YES_AGGRESSIVE;
				GCC_WARN_UNUSED_FUNCTION = YES;
				GCC_WARN_UNUSED_VARIABLE = YES;
				IPHONEOS_DEPLOYMENT_TARGET = 13.2;
				MTL_ENABLE_DEBUG_INFO = INCLUDE_SOURCE;
				MTL_FAST_MATH = YES;
				ONLY_ACTIVE_ARCH = YES;
				SDKROOT = iphoneos;
				SWIFT_ACTIVE_COMPILATION_CONDITIONS = DEBUG;
				SWIFT_OPTIMIZATION_LEVEL = "-Onone";
			};
			name = Debug;
		};
		5AD6BD9D238B3B9700F1A109 /* Release */ = {
			isa = XCBuildConfiguration;
			buildSettings = {
				ALWAYS_SEARCH_USER_PATHS = NO;
				CLANG_ANALYZER_NONNULL = YES;
				CLANG_ANALYZER_NUMBER_OBJECT_CONVERSION = YES_AGGRESSIVE;
				CLANG_CXX_LANGUAGE_STANDARD = "gnu++14";
				CLANG_CXX_LIBRARY = "libc++";
				CLANG_ENABLE_MODULES = YES;
				CLANG_ENABLE_OBJC_ARC = YES;
				CLANG_ENABLE_OBJC_WEAK = YES;
				CLANG_WARN_BLOCK_CAPTURE_AUTORELEASING = YES;
				CLANG_WARN_BOOL_CONVERSION = YES;
				CLANG_WARN_COMMA = YES;
				CLANG_WARN_CONSTANT_CONVERSION = YES;
				CLANG_WARN_DEPRECATED_OBJC_IMPLEMENTATIONS = YES;
				CLANG_WARN_DIRECT_OBJC_ISA_USAGE = YES_ERROR;
				CLANG_WARN_DOCUMENTATION_COMMENTS = YES;
				CLANG_WARN_EMPTY_BODY = YES;
				CLANG_WARN_ENUM_CONVERSION = YES;
				CLANG_WARN_INFINITE_RECURSION = YES;
				CLANG_WARN_INT_CONVERSION = YES;
				CLANG_WARN_NON_LITERAL_NULL_CONVERSION = YES;
				CLANG_WARN_OBJC_IMPLICIT_RETAIN_SELF = YES;
				CLANG_WARN_OBJC_LITERAL_CONVERSION = YES;
				CLANG_WARN_OBJC_ROOT_CLASS = YES_ERROR;
				CLANG_WARN_RANGE_LOOP_ANALYSIS = YES;
				CLANG_WARN_STRICT_PROTOTYPES = YES;
				CLANG_WARN_SUSPICIOUS_MOVE = YES;
				CLANG_WARN_UNGUARDED_AVAILABILITY = YES_AGGRESSIVE;
				CLANG_WARN_UNREACHABLE_CODE = YES;
				CLANG_WARN__DUPLICATE_METHOD_MATCH = YES;
				COPY_PHASE_STRIP = NO;
				DEBUG_INFORMATION_FORMAT = "dwarf-with-dsym";
				ENABLE_NS_ASSERTIONS = NO;
				ENABLE_STRICT_OBJC_MSGSEND = YES;
				GCC_C_LANGUAGE_STANDARD = gnu11;
				GCC_NO_COMMON_BLOCKS = YES;
				GCC_WARN_64_TO_32_BIT_CONVERSION = YES;
				GCC_WARN_ABOUT_RETURN_TYPE = YES_ERROR;
				GCC_WARN_UNDECLARED_SELECTOR = YES;
				GCC_WARN_UNINITIALIZED_AUTOS = YES_AGGRESSIVE;
				GCC_WARN_UNUSED_FUNCTION = YES;
				GCC_WARN_UNUSED_VARIABLE = YES;
				IPHONEOS_DEPLOYMENT_TARGET = 13.2;
				MTL_ENABLE_DEBUG_INFO = NO;
				MTL_FAST_MATH = YES;
				SDKROOT = iphoneos;
				SWIFT_COMPILATION_MODE = wholemodule;
				SWIFT_OPTIMIZATION_LEVEL = "-O";
				VALIDATE_PRODUCT = YES;
			};
			name = Release;
		};
		5AD6BD9F238B3B9700F1A109 /* Debug */ = {
			isa = XCBuildConfiguration;
			baseConfigurationReference = 55A43F4738A994392ABF51D2 /* Pods-refresher.debug.xcconfig */;
			buildSettings = {
				ASSETCATALOG_COMPILER_APPICON_NAME = AppIcon;
				CODE_SIGN_STYLE = Automatic;
				INFOPLIST_FILE = refresher/Info.plist;
				IPHONEOS_DEPLOYMENT_TARGET = 12.0;
				LD_RUNPATH_SEARCH_PATHS = (
					"$(inherited)",
					"@executable_path/Frameworks",
				);
				PRODUCT_BUNDLE_IDENTIFIER = lorin.refresher;
				PRODUCT_NAME = "$(TARGET_NAME)";
				SWIFT_VERSION = 5.0;
				TARGETED_DEVICE_FAMILY = "1,2";
			};
			name = Debug;
		};
		5AD6BDA0238B3B9700F1A109 /* Release */ = {
			isa = XCBuildConfiguration;
			baseConfigurationReference = 468E301B6A96AA61CB36BF17 /* Pods-refresher.release.xcconfig */;
			buildSettings = {
				ASSETCATALOG_COMPILER_APPICON_NAME = AppIcon;
				CODE_SIGN_STYLE = Automatic;
				INFOPLIST_FILE = refresher/Info.plist;
				IPHONEOS_DEPLOYMENT_TARGET = 12.0;
				LD_RUNPATH_SEARCH_PATHS = (
					"$(inherited)",
					"@executable_path/Frameworks",
				);
				PRODUCT_BUNDLE_IDENTIFIER = lorin.refresher;
				PRODUCT_NAME = "$(TARGET_NAME)";
				SWIFT_VERSION = 5.0;
				TARGETED_DEVICE_FAMILY = "1,2";
			};
			name = Release;
		};
		5AD6BDA2238B3B9700F1A109 /* Debug */ = {
			isa = XCBuildConfiguration;
			baseConfigurationReference = EA7F6AAD863632CD7428CA55 /* Pods-refresherTests.debug.xcconfig */;
			buildSettings = {
				ALWAYS_EMBED_SWIFT_STANDARD_LIBRARIES = YES;
				BUNDLE_LOADER = "$(TEST_HOST)";
				CODE_SIGN_STYLE = Automatic;
				INFOPLIST_FILE = refresherTests/Info.plist;
				IPHONEOS_DEPLOYMENT_TARGET = 13.2;
				LD_RUNPATH_SEARCH_PATHS = (
					"$(inherited)",
					"@executable_path/Frameworks",
					"@loader_path/Frameworks",
				);
				PRODUCT_BUNDLE_IDENTIFIER = lorin.refresherTests;
				PRODUCT_NAME = "$(TARGET_NAME)";
				SWIFT_VERSION = 5.0;
				TARGETED_DEVICE_FAMILY = "1,2";
				TEST_HOST = "$(BUILT_PRODUCTS_DIR)/refresher.app/refresher";
			};
			name = Debug;
		};
		5AD6BDA3238B3B9700F1A109 /* Release */ = {
			isa = XCBuildConfiguration;
			baseConfigurationReference = D8638A751347F666472CA5C1 /* Pods-refresherTests.release.xcconfig */;
			buildSettings = {
				ALWAYS_EMBED_SWIFT_STANDARD_LIBRARIES = YES;
				BUNDLE_LOADER = "$(TEST_HOST)";
				CODE_SIGN_STYLE = Automatic;
				INFOPLIST_FILE = refresherTests/Info.plist;
				IPHONEOS_DEPLOYMENT_TARGET = 13.2;
				LD_RUNPATH_SEARCH_PATHS = (
					"$(inherited)",
					"@executable_path/Frameworks",
					"@loader_path/Frameworks",
				);
				PRODUCT_BUNDLE_IDENTIFIER = lorin.refresherTests;
				PRODUCT_NAME = "$(TARGET_NAME)";
				SWIFT_VERSION = 5.0;
				TARGETED_DEVICE_FAMILY = "1,2";
				TEST_HOST = "$(BUILT_PRODUCTS_DIR)/refresher.app/refresher";
			};
			name = Release;
		};
/* End XCBuildConfiguration section */

/* Begin XCConfigurationList section */
		5AD6BD7A238B3B9600F1A109 /* Build configuration list for PBXProject "refresher" */ = {
			isa = XCConfigurationList;
			buildConfigurations = (
				5AD6BD9C238B3B9700F1A109 /* Debug */,
				5AD6BD9D238B3B9700F1A109 /* Release */,
			);
			defaultConfigurationIsVisible = 0;
			defaultConfigurationName = Release;
		};
		5AD6BD9E238B3B9700F1A109 /* Build configuration list for PBXNativeTarget "refresher" */ = {
			isa = XCConfigurationList;
			buildConfigurations = (
				5AD6BD9F238B3B9700F1A109 /* Debug */,
				5AD6BDA0238B3B9700F1A109 /* Release */,
			);
			defaultConfigurationIsVisible = 0;
			defaultConfigurationName = Release;
		};
		5AD6BDA1238B3B9700F1A109 /* Build configuration list for PBXNativeTarget "refresherTests" */ = {
			isa = XCConfigurationList;
			buildConfigurations = (
				5AD6BDA2238B3B9700F1A109 /* Debug */,
				5AD6BDA3238B3B9700F1A109 /* Release */,
			);
			defaultConfigurationIsVisible = 0;
			defaultConfigurationName = Release;
		};
/* End XCConfigurationList section */
	};
	rootObject = 5AD6BD77238B3B9600F1A109 /* Project object */;
}
